
Microsoft Visual Studio Solution File, Format Version 12.00
# Visual Studio Version 17
VisualStudioVersion = 17.4.33213.308
MinimumVisualStudioVersion = 10.0.40219.1
Project("{FAE04EC0-301F-11D3-BF4B-00C04F79EFBC}") = "Laboratorio 7", "Laboratorio 7.csproj", "{1AA8FC77-46E0-4899-9D12-3F94403A8A6C}"
EndProject
Global
	GlobalSection(SolutionConfigurationPlatforms) = preSolution
		Debug|Any CPU = Debug|Any CPU
		Release|Any CPU = Release|Any CPU
	EndGlobalSection
	GlobalSection(ProjectConfigurationPlatforms) = postSolution
		{1AA8FC77-46E0-4899-9D12-3F94403A8A6C}.Debug|Any CPU.ActiveCfg = Debug|Any CPU
		{1AA8FC77-46E0-4899-9D12-3F94403A8A6C}.Debug|Any CPU.Build.0 = Debug|Any CPU
		{1AA8FC77-46E0-4899-9D12-3F94403A8A6C}.Release|Any CPU.ActiveCfg = Release|Any CPU
		{1AA8FC77-46E0-4899-9D12-3F94403A8A6C}.Release|Any CPU.Build.0 = Release|Any CPU
	EndGlobalSection
	GlobalSection(SolutionProperties) = preSolution
		HideSolutionNode = FALSE
	EndGlobalSection
	GlobalSection(ExtensibilityGlobals) = postSolution
		SolutionGuid = {D87F0C87-5B6F-4F10-86A8-7387C7AF7425}
	EndGlobalSection
EndGlobal
